{
  "name": "@panda-program/panda-test",
  "version": "0.0.2",
  "lockfileVersion": 2,
  "requires": true,
  "packages": {
    "": {
      "name": "@panda-program/panda-test",
      "version": "0.0.2",
      "license": "MIT",
      "engines": {
        "node": ">=14.15.0",
        "yarn": ">=1.22.0"
      }
    }
  }
}
